PODS:
  - Flutter (1.0.0)
  - kiyibodi (0.0.1):
    - Flutter

DEPENDENCIES:
  - Flutter (from `Flutter`)
  - kiyibodi (from `.symlinks/plugins/kiyibodi/ios`)

EXTERNAL SOURCES:
  Flutter:
    :path: Flutter
  kiyibodi:
    :path: ".symlinks/plugins/kiyibodi/ios"

SPEC CHECKSUMS:
  Flutter: 434fef37c0980e73bb6479ef766c45957d4b510c
  kiyibodi: 8b26ed1b55a9df5aedbd4eac27d02b8402e5a454

PODFILE CHECKSUM: aafe91acc616949ddb318b77800a7f51bffa2a4c

COCOAPODS: 1.10.1
